
Microsoft Visual Studio Solution File, Format Version 12.00
# Visual Studio Version 16
VisualStudioVersion = 16.0.29728.190
MinimumVisualStudioVersion = 10.0.40219.1
Project("{9A19103F-16F7-4668-BE54-9A1E7A4F7556}") = "FinnHubSharp", "FinnHubSharp\FinnHubSharp.csproj", "{BB27A90A-6395-42F8-8FB4-6A17B37E9720}"
EndProject
Project("{FAE04EC0-301F-11D3-BF4B-00C04F79EFBC}") = "FinnHubSharpConsole", "FinnHubSharpConsole\FinnHubSharpConsole.csproj", "{7EC0FDBE-446A-418F-ADE1-A2D54DE41D55}"
EndProject
Global
	GlobalSection(SolutionConfigurationPlatforms) = preSolution
		Debug|Any CPU = Debug|Any CPU
		Release|Any CPU = Release|Any CPU
	EndGlobalSection
	GlobalSection(ProjectConfigurationPlatforms) = postSolution
		{BB27A90A-6395-42F8-8FB4-6A17B37E9720}.Debug|Any CPU.ActiveCfg = Debug|Any CPU
		{BB27A90A-6395-42F8-8FB4-6A17B37E9720}.Debug|Any CPU.Build.0 = Debug|Any CPU
		{BB27A90A-6395-42F8-8FB4-6A17B37E9720}.Release|Any CPU.ActiveCfg = Release|Any CPU
		{BB27A90A-6395-42F8-8FB4-6A17B37E9720}.Release|Any CPU.Build.0 = Release|Any CPU
		{7EC0FDBE-446A-418F-ADE1-A2D54DE41D55}.Debug|Any CPU.ActiveCfg = Debug|Any CPU
		{7EC0FDBE-446A-418F-ADE1-A2D54DE41D55}.Debug|Any CPU.Build.0 = Debug|Any CPU
		{7EC0FDBE-446A-418F-ADE1-A2D54DE41D55}.Release|Any CPU.ActiveCfg = Release|Any CPU
		{7EC0FDBE-446A-418F-ADE1-A2D54DE41D55}.Release|Any CPU.Build.0 = Release|Any CPU
	EndGlobalSection
	GlobalSection(SolutionProperties) = preSolution
		HideSolutionNode = FALSE
	EndGlobalSection
	GlobalSection(ExtensibilityGlobals) = postSolution
		SolutionGuid = {5B0C25EB-68DF-4DDF-9E13-2831FFF87C7B}
	EndGlobalSection
EndGlobal
